
Microsoft Visual Studio Solution File, Format Version 12.00
# Visual Studio Version 17
VisualStudioVersion = 17.11.35327.3
MinimumVisualStudioVersion = 10.0.40219.1
Project("{2150E333-8FDC-42A3-9474-1A3956D46DE8}") = "services", "services", "{96A42891-66A0-48B6-94BB-8949C7C2A44F}"
EndProject
Project("{2150E333-8FDC-42A3-9474-1A3956D46DE8}") = "catalog", "catalog", "{D9888400-8C69-4DFB-8E33-BDB10D070DD3}"
EndProject
Project("{9A19103F-16F7-4668-BE54-9A1E7A4F7556}") = "Catalog.API", "catalog\Catalog.API\Catalog.API.csproj", "{DA7E30C8-6481-485C-BDDC-E0BD5AA6D161}"
EndProject
Project("{2150E333-8FDC-42A3-9474-1A3956D46DE8}") = "Common", "Common", "{13C227A4-9380-48BB-94B7-10735D921702}"
EndProject
Project("{9A19103F-16F7-4668-BE54-9A1E7A4F7556}") = "Common", "Common\Common\Common.csproj", "{C24632FA-4B3C-4DD6-BC2F-8F7A34FE7F78}"
EndProject
Project("{E53339B2-1760-4266-BCC7-CA923CBCF16C}") = "docker-compose", "docker-compose.dcproj", "{74BC5704-E9FE-4D14-809B-69E1680A462D}"
EndProject
Project("{2150E333-8FDC-42A3-9474-1A3956D46DE8}") = "basket", "basket", "{5EE00EEE-D8F3-4E54-85EB-96667565BC30}"
EndProject
Project("{9A19103F-16F7-4668-BE54-9A1E7A4F7556}") = "Basket.API", "basket\Basket.API\Basket.API.csproj", "{6821D993-5EDC-4B2B-BA0B-CAEE693C7BEC}"
EndProject
Project("{2150E333-8FDC-42A3-9474-1A3956D46DE8}") = "discount", "discount", "{7DF7701D-25D2-4D9F-B50C-B37C065AB60D}"
EndProject
Project("{9A19103F-16F7-4668-BE54-9A1E7A4F7556}") = "Discount.GRPC", "discount\Discount.GRPC\Discount.GRPC.csproj", "{B34DC689-EA6A-4A70-89F9-DF69D66C8DA4}"
EndProject
Project("{2150E333-8FDC-42A3-9474-1A3956D46DE8}") = "ordering", "ordering", "{B6AB286B-7EE4-4F3C-B313-81966D532B22}"
EndProject
Project("{9A19103F-16F7-4668-BE54-9A1E7A4F7556}") = "Ordering.API", "ordering\Ordering.API\Ordering.API.csproj", "{ABDA7C30-A619-49B5-B686-F77FE93EAF48}"
EndProject
Project("{9A19103F-16F7-4668-BE54-9A1E7A4F7556}") = "Ordering.Domain", "ordering\Ordering.Domain\Ordering.Domain.csproj", "{AE0C7D87-E551-486F-B011-09B95FCB4ED8}"
EndProject
Project("{9A19103F-16F7-4668-BE54-9A1E7A4F7556}") = "Ordering.Application", "ordering\Ordering.Application\Ordering.Application.csproj", "{1ED78523-2BF3-4455-A6EE-A71989C92187}"
EndProject
Project("{9A19103F-16F7-4668-BE54-9A1E7A4F7556}") = "Ordering.Infrastructure", "ordering\Ordering.Infrastructure\Ordering.Infrastructure.csproj", "{0781BD07-A4BE-42CE-A6C1-027C6EF91A61}"
EndProject
Project("{FAE04EC0-301F-11D3-BF4B-00C04F79EFBC}") = "Common.Messaging", "Common\Common.Messaging\Common.Messaging.csproj", "{C3EEE714-CD97-4B87-AD34-E1490F177CB0}"
EndProject
Project("{2150E333-8FDC-42A3-9474-1A3956D46DE8}") = "APIGateways", "APIGateways", "{0B34F957-6074-44D1-8FDA-ABB685B1B406}"
EndProject
Project("{FAE04EC0-301F-11D3-BF4B-00C04F79EFBC}") = "YarpAPIGateway", "APIGAteways\YarpAPIGateway\YarpAPIGateway.csproj", "{BCA90B49-552C-4D6D-8201-892E6C5B479E}"
EndProject
Global
	GlobalSection(SolutionConfigurationPlatforms) = preSolution
		Debug|Any CPU = Debug|Any CPU
		Release|Any CPU = Release|Any CPU
	EndGlobalSection
	GlobalSection(ProjectConfigurationPlatforms) = postSolution
		{DA7E30C8-6481-485C-BDDC-E0BD5AA6D161}.Debug|Any CPU.ActiveCfg = Debug|Any CPU
		{DA7E30C8-6481-485C-BDDC-E0BD5AA6D161}.Debug|Any CPU.Build.0 = Debug|Any CPU
		{DA7E30C8-6481-485C-BDDC-E0BD5AA6D161}.Release|Any CPU.ActiveCfg = Release|Any CPU
		{DA7E30C8-6481-485C-BDDC-E0BD5AA6D161}.Release|Any CPU.Build.0 = Release|Any CPU
		{C24632FA-4B3C-4DD6-BC2F-8F7A34FE7F78}.Debug|Any CPU.ActiveCfg = Debug|Any CPU
		{C24632FA-4B3C-4DD6-BC2F-8F7A34FE7F78}.Debug|Any CPU.Build.0 = Debug|Any CPU
		{C24632FA-4B3C-4DD6-BC2F-8F7A34FE7F78}.Release|Any CPU.ActiveCfg = Release|Any CPU
		{C24632FA-4B3C-4DD6-BC2F-8F7A34FE7F78}.Release|Any CPU.Build.0 = Release|Any CPU
		{74BC5704-E9FE-4D14-809B-69E1680A462D}.Debug|Any CPU.ActiveCfg = Debug|Any CPU
		{74BC5704-E9FE-4D14-809B-69E1680A462D}.Debug|Any CPU.Build.0 = Debug|Any CPU
		{74BC5704-E9FE-4D14-809B-69E1680A462D}.Release|Any CPU.ActiveCfg = Release|Any CPU
		{74BC5704-E9FE-4D14-809B-69E1680A462D}.Release|Any CPU.Build.0 = Release|Any CPU
		{6821D993-5EDC-4B2B-BA0B-CAEE693C7BEC}.Debug|Any CPU.ActiveCfg = Debug|Any CPU
		{6821D993-5EDC-4B2B-BA0B-CAEE693C7BEC}.Debug|Any CPU.Build.0 = Debug|Any CPU
		{6821D993-5EDC-4B2B-BA0B-CAEE693C7BEC}.Release|Any CPU.ActiveCfg = Release|Any CPU
		{6821D993-5EDC-4B2B-BA0B-CAEE693C7BEC}.Release|Any CPU.Build.0 = Release|Any CPU
		{B34DC689-EA6A-4A70-89F9-DF69D66C8DA4}.Debug|Any CPU.ActiveCfg = Debug|Any CPU
		{B34DC689-EA6A-4A70-89F9-DF69D66C8DA4}.Debug|Any CPU.Build.0 = Debug|Any CPU
		{B34DC689-EA6A-4A70-89F9-DF69D66C8DA4}.Release|Any CPU.ActiveCfg = Release|Any CPU
		{B34DC689-EA6A-4A70-89F9-DF69D66C8DA4}.Release|Any CPU.Build.0 = Release|Any CPU
		{ABDA7C30-A619-49B5-B686-F77FE93EAF48}.Debug|Any CPU.ActiveCfg = Debug|Any CPU
		{ABDA7C30-A619-49B5-B686-F77FE93EAF48}.Debug|Any CPU.Build.0 = Debug|Any CPU
		{ABDA7C30-A619-49B5-B686-F77FE93EAF48}.Release|Any CPU.ActiveCfg = Release|Any CPU
		{ABDA7C30-A619-49B5-B686-F77FE93EAF48}.Release|Any CPU.Build.0 = Release|Any CPU
		{AE0C7D87-E551-486F-B011-09B95FCB4ED8}.Debug|Any CPU.ActiveCfg = Debug|Any CPU
		{AE0C7D87-E551-486F-B011-09B95FCB4ED8}.Debug|Any CPU.Build.0 = Debug|Any CPU
		{AE0C7D87-E551-486F-B011-09B95FCB4ED8}.Release|Any CPU.ActiveCfg = Release|Any CPU
		{AE0C7D87-E551-486F-B011-09B95FCB4ED8}.Release|Any CPU.Build.0 = Release|Any CPU
		{1ED78523-2BF3-4455-A6EE-A71989C92187}.Debug|Any CPU.ActiveCfg = Debug|Any CPU
		{1ED78523-2BF3-4455-A6EE-A71989C92187}.Debug|Any CPU.Build.0 = Debug|Any CPU
		{1ED78523-2BF3-4455-A6EE-A71989C92187}.Release|Any CPU.ActiveCfg = Release|Any CPU
		{1ED78523-2BF3-4455-A6EE-A71989C92187}.Release|Any CPU.Build.0 = Release|Any CPU
		{0781BD07-A4BE-42CE-A6C1-027C6EF91A61}.Debug|Any CPU.ActiveCfg = Debug|Any CPU
		{0781BD07-A4BE-42CE-A6C1-027C6EF91A61}.Debug|Any CPU.Build.0 = Debug|Any CPU
		{0781BD07-A4BE-42CE-A6C1-027C6EF91A61}.Release|Any CPU.ActiveCfg = Release|Any CPU
		{0781BD07-A4BE-42CE-A6C1-027C6EF91A61}.Release|Any CPU.Build.0 = Release|Any CPU
		{C3EEE714-CD97-4B87-AD34-E1490F177CB0}.Debug|Any CPU.ActiveCfg = Debug|Any CPU
		{C3EEE714-CD97-4B87-AD34-E1490F177CB0}.Debug|Any CPU.Build.0 = Debug|Any CPU
		{C3EEE714-CD97-4B87-AD34-E1490F177CB0}.Release|Any CPU.ActiveCfg = Release|Any CPU
		{C3EEE714-CD97-4B87-AD34-E1490F177CB0}.Release|Any CPU.Build.0 = Release|Any CPU
		{BCA90B49-552C-4D6D-8201-892E6C5B479E}.Debug|Any CPU.ActiveCfg = Debug|Any CPU
		{BCA90B49-552C-4D6D-8201-892E6C5B479E}.Debug|Any CPU.Build.0 = Debug|Any CPU
		{BCA90B49-552C-4D6D-8201-892E6C5B479E}.Release|Any CPU.ActiveCfg = Release|Any CPU
		{BCA90B49-552C-4D6D-8201-892E6C5B479E}.Release|Any CPU.Build.0 = Release|Any CPU
	EndGlobalSection
	GlobalSection(SolutionProperties) = preSolution
		HideSolutionNode = FALSE
	EndGlobalSection
	GlobalSection(NestedProjects) = preSolution
		{D9888400-8C69-4DFB-8E33-BDB10D070DD3} = {96A42891-66A0-48B6-94BB-8949C7C2A44F}
		{DA7E30C8-6481-485C-BDDC-E0BD5AA6D161} = {D9888400-8C69-4DFB-8E33-BDB10D070DD3}
		{C24632FA-4B3C-4DD6-BC2F-8F7A34FE7F78} = {13C227A4-9380-48BB-94B7-10735D921702}
		{5EE00EEE-D8F3-4E54-85EB-96667565BC30} = {96A42891-66A0-48B6-94BB-8949C7C2A44F}
		{6821D993-5EDC-4B2B-BA0B-CAEE693C7BEC} = {5EE00EEE-D8F3-4E54-85EB-96667565BC30}
		{7DF7701D-25D2-4D9F-B50C-B37C065AB60D} = {96A42891-66A0-48B6-94BB-8949C7C2A44F}
		{B34DC689-EA6A-4A70-89F9-DF69D66C8DA4} = {7DF7701D-25D2-4D9F-B50C-B37C065AB60D}
		{B6AB286B-7EE4-4F3C-B313-81966D532B22} = {96A42891-66A0-48B6-94BB-8949C7C2A44F}
		{ABDA7C30-A619-49B5-B686-F77FE93EAF48} = {B6AB286B-7EE4-4F3C-B313-81966D532B22}
		{AE0C7D87-E551-486F-B011-09B95FCB4ED8} = {B6AB286B-7EE4-4F3C-B313-81966D532B22}
		{1ED78523-2BF3-4455-A6EE-A71989C92187} = {B6AB286B-7EE4-4F3C-B313-81966D532B22}
		{0781BD07-A4BE-42CE-A6C1-027C6EF91A61} = {B6AB286B-7EE4-4F3C-B313-81966D532B22}
		{C3EEE714-CD97-4B87-AD34-E1490F177CB0} = {13C227A4-9380-48BB-94B7-10735D921702}
		{BCA90B49-552C-4D6D-8201-892E6C5B479E} = {0B34F957-6074-44D1-8FDA-ABB685B1B406}
	EndGlobalSection
	GlobalSection(ExtensibilityGlobals) = postSolution
		SolutionGuid = {E3EE2AB3-EE1D-41C0-A128-92F311095782}
	EndGlobalSection
EndGlobal
